// !$*UTF8*$!
{
	archiveVersion = 1;
	classes = {
	};
	objectVersion = 50;
	objects = {

/* Begin PBXBuildFile section */
		24F38F0B26273E37005B09BB /* AppDelegate.swift in Sources */ = {isa = PBXBuildFile; fileRef = 24F38F0A26273E37005B09BB /* AppDelegate.swift */; };
		24F38F0D26273E37005B09BB /* SceneDelegate.swift in Sources */ = {isa = PBXBuildFile; fileRef = 24F38F0C26273E37005B09BB /* SceneDelegate.swift */; };
		24F38F0F26273E37005B09BB /* ViewController.swift in Sources */ = {isa = PBXBuildFile; fileRef = 24F38F0E26273E37005B09BB /* ViewController.swift */; };
		24F38F1226273E37005B09BB /* Main.storyboard in Resources */ = {isa = PBXBuildFile; fileRef = 24F38F1026273E37005B09BB /* Main.storyboard */; };
		24F38F1426273E39005B09BB /* Assets.xcassets in Resources */ = {isa = PBXBuildFile; fileRef = 24F38F1326273E39005B09BB /* Assets.xcassets */; };
		24F38F1726273E39005B09BB /* LaunchScreen.storyboard in Resources */ = {isa = PBXBuildFile; fileRef = 24F38F1526273E39005B09BB /* LaunchScreen.storyboard */; };
		24F38F2126274C16005B09BB /* GameScene.swift in Sources */ = {isa = PBXBuildFile; fileRef = 24F38F2026274C16005B09BB /* GameScene.swift */; };
		24F450F5262964600013C4EB /* coin.mp3 in Resources */ = {isa = PBXBuildFile; fileRef = 24F450F4262964600013C4EB /* coin.mp3 */; };
/* End PBXBuildFile section */

/* Begin PBXFileReference section */
		24F38F0726273E37005B09BB /* FlappyBird.app */ = {isa = PBXFileReference; explicitFileType = wrapper.application; includeInIndex = 0; path = FlappyBird.app; sourceTree = BUILT_PRODUCTS_DIR; };
		24F38F0A26273E37005B09BB /* AppDelegate.swift */ = {isa = PBXFileReference; lastKnownFileType = sourcecode.swift; path = AppDelegate.swift; sourceTree = "<group>"; };
		24F38F0C26273E37005B09BB /* SceneDelegate.swift */ = {isa = PBXFileReference; lastKnownFileType = sourcecode.swift; path = SceneDelegate.swift; sourceTree = "<group>"; };
		24F38F0E26273E37005B09BB /* ViewController.swift */ = {isa = PBXFileReference; lastKnownFileType = sourcecode.swift; path = ViewController.swift; sourceTree = "<group>"; };
		24F38F1126273E37005B09BB /* Base */ = {isa = PBXFileReference; lastKnownFileType = file.storyboard; name = Base; path = Base.lproj/Main.storyboard; sourceTree = "<group>"; };
		24F38F1326273E39005B09BB /* Assets.xcassets */ = {isa = PBXFileReference; lastKnownFileType = folder.assetcatalog; path = Assets.xcassets; sourceTree = "<group>"; };
		24F38F1626273E39005B09BB /* Base */ = {isa = PBXFileReference; lastKnownFileType = file.storyboard; name = Base; path = Base.lproj/LaunchScreen.storyboard; sourceTree = "<group>"; };
		24F38F1826273E39005B09BB /* Info.plist */ = {isa = PBXFileReference; lastKnownFileType = text.plist.xml; path = Info.plist; sourceTree = "<group>"; };
		24F38F2026274C16005B09BB /* GameScene.swift */ = {isa = PBXFileReference; lastKnownFileType = sourcecode.swift; path = GameScene.swift; sourceTree = "<group>"; };
		24F450F4262964600013C4EB /* coin.mp3 */ = {isa = PBXFileReference; lastKnownFileType = audio.mp3; path = coin.mp3; sourceTree = "<group>"; };
/* End PBXFileReference section */

/* Begin PBXFrameworksBuildPhase section */
		24F38F0426273E37005B09BB /* Frameworks */ = {
			isa = PBXFrameworksBuildPhase;
			buildActionMask = 2147483647;
			files = (
			);
			runOnlyForDeploymentPostprocessing = 0;
		};
/* End PBXFrameworksBuildPhase section */

/* Begin PBXGroup section */
		24F38EFE26273E37005B09BB = {
			isa = PBXGroup;
			children = (
				24F38F0926273E37005B09BB /* FlappyBird */,
				24F38F0826273E37005B09BB /* Products */,
			);
			sourceTree = "<group>";
		};
		24F38F0826273E37005B09BB /* Products */ = {
			isa = PBXGroup;
			children = (
				24F38F0726273E37005B09BB /* FlappyBird.app */,
			);
			name = Products;
			sourceTree = "<group>";
		};
		24F38F0926273E37005B09BB /* FlappyBird */ = {
			isa = PBXGroup;
			children = (
				24F38F0A26273E37005B09BB /* AppDelegate.swift */,
				24F38F0C26273E37005B09BB /* SceneDelegate.swift */,
				24F38F0E26273E37005B09BB /* ViewController.swift */,
				24F38F2026274C16005B09BB /* GameScene.swift */,
				24F38F1026273E37005B09BB /* Main.storyboard */,
				24F38F1326273E39005B09BB /* Assets.xcassets */,
				24F450F726296B690013C4EB /* BGM */,
				24F38F1526273E39005B09BB /* LaunchScreen.storyboard */,
				24F38F1826273E39005B09BB /* Info.plist */,
			);
			path = FlappyBird;
			sourceTree = "<group>";
		};
		24F450F726296B690013C4EB /* BGM */ = {
			isa = PBXGroup;
			children = (
				24F450F4262964600013C4EB /* coin.mp3 */,
			);
			path = BGM;
			sourceTree = "<group>";
		};
/* End PBXGroup section */

/* Begin PBXNativeTarget section */
		24F38F0626273E37005B09BB /* FlappyBird */ = {
			isa = PBXNativeTarget;
			buildConfigurationList = 24F38F1B26273E39005B09BB /* Build configuration list for PBXNativeTarget "FlappyBird" */;
			buildPhases = (
				24F38F0326273E37005B09BB /* Sources */,
				24F38F0426273E37005B09BB /* Frameworks */,
				24F38F0526273E37005B09BB /* Resources */,
			);
			buildRules = (
			);
			dependencies = (
			);
			name = FlappyBird;
			productName = FlappyBird;
			productReference = 24F38F0726273E37005B09BB /* FlappyBird.app */;
			productType = "com.apple.product-type.application";
		};
/* End PBXNativeTarget section */

/* Begin PBXProject section */
		24F38EFF26273E37005B09BB /* Project object */ = {
			isa = PBXProject;
			attributes = {
				LastSwiftUpdateCheck = 1220;
				LastUpgradeCheck = 1220;
				TargetAttributes = {
					24F38F0626273E37005B09BB = {
						CreatedOnToolsVersion = 12.2;
					};
				};
			};
			buildConfigurationList = 24F38F0226273E37005B09BB /* Build configuration list for PBXProject "FlappyBird" */;
			compatibilityVersion = "Xcode 9.3";
			developmentRegion = en;
			hasScannedForEncodings = 0;
			knownRegions = (
				en,
				Base,
			);
			mainGroup = 24F38EFE26273E37005B09BB;
			productRefGroup = 24F38F0826273E37005B09BB /* Products */;
			projectDirPath = "";
			projectRoot = "";
			targets = (
				24F38F0626273E37005B09BB /* FlappyBird */,
			);
		};
/* End PBXProject section */

/* Begin PBXResourcesBuildPhase section */
		24F38F0526273E37005B09BB /* Resources */ = {
			isa = PBXResourcesBuildPhase;
			buildActionMask = 2147483647;
			files = (
				24F38F1726273E39005B09BB /* LaunchScreen.storyboard in Resources */,
				24F38F1426273E39005B09BB /* Assets.xcassets in Resources */,
				24F38F1226273E37005B09BB /* Main.storyboard in Resources */,
				24F450F5262964600013C4EB /* coin.mp3 in Resources */,
			);
			runOnlyForDeploymentPostprocessing = 0;
		};
/* End PBXResourcesBuildPhase section */

/* Begin PBXSourcesBuildPhase section */
		24F38F0326273E37005B09BB /* Sources */ = {
			isa = PBXSourcesBuildPhase;
			buildActionMask = 2147483647;
			files = (
				24F38F0F26273E37005B09BB /* ViewController.swift in Sources */,
				24F38F0B26273E37005B09BB /* AppDelegate.swift in Sources */,
				24F38F0D26273E37005B09BB /* SceneDelegate.swift in Sources */,
				24F38F2126274C16005B09BB /* GameScene.swift in Sources */,
			);
			runOnlyForDeploymentPostprocessing = 0;
		};
/* End PBXSourcesBuildPhase section */

/* Begin PBXVariantGroup section */
		24F38F1026273E37005B09BB /* Main.storyboard */ = {
			isa = PBXVariantGroup;
			children = (
				24F38F1126273E37005B09BB /* Base */,
			);
			name = Main.storyboard;
			sourceTree = "<group>";
		};
		24F38F1526273E39005B09BB /* LaunchScreen.storyboard */ = {
			isa = PBXVariantGroup;
			children = (
				24F38F1626273E39005B09BB /* Base */,
			);
			name = LaunchScreen.storyboard;
			sourceTree = "<group>";
		};
/* End PBXVariantGroup section */

/* Begin XCBuildConfiguration section */
		24F38F1926273E39005B09BB /* Debug */ = {
			isa = XCBuildConfiguration;
			buildSettings = {
				ALWAYS_SEARCH_USER_PATHS = NO;
				CLANG_ANALYZER_NONNULL = YES;
				CLANG_ANALYZER_NUMBER_OBJECT_CONVERSION = YES_AGGRESSIVE;
				CLANG_CXX_LANGUAGE_STANDARD = "gnu++14";
				CLANG_CXX_LIBRARY = "libc++";
				CLANG_ENABLE_MODULES = YES;
				CLANG_ENABLE_OBJC_ARC = YES;
				CLANG_ENABLE_OBJC_WEAK = YES;
				CLANG_WARN_BLOCK_CAPTURE_AUTORELEASING = YES;
				CLANG_WARN_BOOL_CONVERSION = YES;
				CLANG_WARN_COMMA = YES;
				CLANG_WARN_CONSTANT_CONVERSION = YES;
				CLANG_WARN_DEPRECATED_OBJC_IMPLEMENTATIONS = YES;
				CLANG_WARN_DIRECT_OBJC_ISA_USAGE = YES_ERROR;
				CLANG_WARN_DOCUMENTATION_COMMENTS = YES;
				CLANG_WARN_EMPTY_BODY = YES;
				CLANG_WARN_ENUM_CONVERSION = YES;
				CLANG_WARN_INFINITE_RECURSION = YES;
				CLANG_WARN_INT_CONVERSION = YES;
				CLANG_WARN_NON_LITERAL_NULL_CONVERSION = YES;
				CLANG_WARN_OBJC_IMPLICIT_RETAIN_SELF = YES;
				CLANG_WARN_OBJC_LITERAL_CONVERSION = YES;
				CLANG_WARN_OBJC_ROOT_CLASS = YES_ERROR;
				CLANG_WARN_QUOTED_INCLUDE_IN_FRAMEWORK_HEADER = YES;
				CLANG_WARN_RANGE_LOOP_ANALYSIS = YES;
				CLANG_WARN_STRICT_PROTOTYPES = YES;
				CLANG_WARN_SUSPICIOUS_MOVE = YES;
				CLANG_WARN_UNGUARDED_AVAILABILITY = YES_AGGRESSIVE;
				CLANG_WARN_UNREACHABLE_CODE = YES;
				CLANG_WARN__DUPLICATE_METHOD_MATCH = YES;
				COPY_PHASE_STRIP = NO;
				DEBUG_INFORMATION_FORMAT = dwarf;
				ENABLE_STRICT_OBJC_MSGSEND = YES;
				ENABLE_TESTABILITY = YES;
				GCC_C_LANGUAGE_STANDARD = gnu11;
				GCC_DYNAMIC_NO_PIC = NO;
				GCC_NO_COMMON_BLOCKS = YES;
				GCC_OPTIMIZATION_LEVEL = 0;
				GCC_PREPROCESSOR_DEFINITIONS = (
					"DEBUG=1",
					"$(inherited)",
				);
				GCC_WARN_64_TO_32_BIT_CONVERSION = YES;
				GCC_WARN_ABOUT_RETURN_TYPE = YES_ERROR;
				GCC_WARN_UNDECLARED_SELECTOR = YES;
				GCC_WARN_UNINITIALIZED_AUTOS = YES_AGGRESSIVE;
				GCC_WARN_UNUSED_FUNCTION = YES;
				GCC_WARN_UNUSED_VARIABLE = YES;
				IPHONEOS_DEPLOYMENT_TARGET = 14.2;
				MTL_ENABLE_DEBUG_INFO = INCLUDE_SOURCE;
				MTL_FAST_MATH = YES;
				ONLY_ACTIVE_ARCH = YES;
				SDKROOT = iphoneos;
				SWIFT_ACTIVE_COMPILATION_CONDITIONS = DEBUG;
				SWIFT_OPTIMIZATION_LEVEL = "-Onone";
			};
			name = Debug;
		};
		24F38F1A26273E39005B09BB /* Release */ = {
			isa = XCBuildConfiguration;
			buildSettings = {
				ALWAYS_SEARCH_USER_PATHS = NO;
				CLANG_ANALYZER_NONNULL = YES;
				CLANG_ANALYZER_NUMBER_OBJECT_CONVERSION = YES_AGGRESSIVE;
				CLANG_CXX_LANGUAGE_STANDARD = "gnu++14";
				CLANG_CXX_LIBRARY = "libc++";
				CLANG_ENABLE_MODULES = YES;
				CLANG_ENABLE_OBJC_ARC = YES;
				CLANG_ENABLE_OBJC_WEAK = YES;
				CLANG_WARN_BLOCK_CAPTURE_AUTORELEASING = YES;
				CLANG_WARN_BOOL_CONVERSION = YES;
				CLANG_WARN_COMMA = YES;
				CLANG_WARN_CONSTANT_CONVERSION = YES;
				CLANG_WARN_DEPRECATED_OBJC_IMPLEMENTATIONS = YES;
				CLANG_WARN_DIRECT_OBJC_ISA_USAGE = YES_ERROR;
				CLANG_WARN_DOCUMENTATION_COMMENTS = YES;
				CLANG_WARN_EMPTY_BODY = YES;
				CLANG_WARN_ENUM_CONVERSION = YES;
				CLANG_WARN_INFINITE_RECURSION = YES;
				CLANG_WARN_INT_CONVERSION = YES;
				CLANG_WARN_NON_LITERAL_NULL_CONVERSION = YES;
				CLANG_WARN_OBJC_IMPLICIT_RETAIN_SELF = YES;
				CLANG_WARN_OBJC_LITERAL_CONVERSION = YES;
				CLANG_WARN_OBJC_ROOT_CLASS = YES_ERROR;
				CLANG_WARN_QUOTED_INCLUDE_IN_FRAMEWORK_HEADER = YES;
				CLANG_WARN_RANGE_LOOP_ANALYSIS = YES;
				CLANG_WARN_STRICT_PROTOTYPES = YES;
				CLANG_WARN_SUSPICIOUS_MOVE = YES;
				CLANG_WARN_UNGUARDED_AVAILABILITY = YES_AGGRESSIVE;
				CLANG_WARN_UNREACHABLE_CODE = YES;
				CLANG_WARN__DUPLICATE_METHOD_MATCH = YES;
				COPY_PHASE_STRIP = NO;
				DEBUG_INFORMATION_FORMAT = "dwarf-with-dsym";
				ENABLE_NS_ASSERTIONS = NO;
				ENABLE_STRICT_OBJC_MSGSEND = YES;
				GCC_C_LANGUAGE_STANDARD = gnu11;
				GCC_NO_COMMON_BLOCKS = YES;
				GCC_WARN_64_TO_32_BIT_CONVERSION = YES;
				GCC_WARN_ABOUT_RETURN_TYPE = YES_ERROR;
				GCC_WARN_UNDECLARED_SELECTOR = YES;
				GCC_WARN_UNINITIALIZED_AUTOS = YES_AGGRESSIVE;
				GCC_WARN_UNUSED_FUNCTION = YES;
				GCC_WARN_UNUSED_VARIABLE = YES;
				IPHONEOS_DEPLOYMENT_TARGET = 14.2;
				MTL_ENABLE_DEBUG_INFO = NO;
				MTL_FAST_MATH = YES;
				SDKROOT = iphoneos;
				SWIFT_COMPILATION_MODE = wholemodule;
				SWIFT_OPTIMIZATION_LEVEL = "-O";
				VALIDATE_PRODUCT = YES;
			};
			name = Release;
		};
		24F38F1C26273E39005B09BB /* Debug */ = {
			isa = XCBuildConfiguration;
			buildSettings = {
				ASSETCATALOG_COMPILER_APPICON_NAME = AppIcon;
				ASSETCATALOG_COMPILER_GLOBAL_ACCENT_COLOR_NAME = AccentColor;
				CODE_SIGN_STYLE = Automatic;
				DEVELOPMENT_TEAM = UTXRX855P3;
				INFOPLIST_FILE = FlappyBird/Info.plist;
				LD_RUNPATH_SEARCH_PATHS = (
					"$(inherited)",
					"@executable_path/Frameworks",
				);
				PRODUCT_BUNDLE_IDENTIFIER = jp.techacademy.ajask1259.FlappyBird;
				PRODUCT_NAME = "$(TARGET_NAME)";
				SWIFT_VERSION = 5.0;
				TARGETED_DEVICE_FAMILY = 1;
			};
			name = Debug;
		};
		24F38F1D26273E39005B09BB /* Release */ = {
			isa = XCBuildConfiguration;
			buildSettings = {
				ASSETCATALOG_COMPILER_APPICON_NAME = AppIcon;
				ASSETCATALOG_COMPILER_GLOBAL_ACCENT_COLOR_NAME = AccentColor;
				CODE_SIGN_STYLE = Automatic;
				DEVELOPMENT_TEAM = UTXRX855P3;
				INFOPLIST_FILE = FlappyBird/Info.plist;
				LD_RUNPATH_SEARCH_PATHS = (
					"$(inherited)",
					"@executable_path/Frameworks",
				);
				PRODUCT_BUNDLE_IDENTIFIER = jp.techacademy.ajask1259.FlappyBird;
				PRODUCT_NAME = "$(TARGET_NAME)";
				SWIFT_VERSION = 5.0;
				TARGETED_DEVICE_FAMILY = 1;
			};
			name = Release;
		};
/* End XCBuildConfiguration section */

/* Begin XCConfigurationList section */
		24F38F0226273E37005B09BB /* Build configuration list for PBXProject "FlappyBird" */ = {
			isa = XCConfigurationList;
			buildConfigurations = (
				24F38F1926273E39005B09BB /* Debug */,
				24F38F1A26273E39005B09BB /* Release */,
			);
			defaultConfigurationIsVisible = 0;
			defaultConfigurationName = Release;
		};
		24F38F1B26273E39005B09BB /* Build configuration list for PBXNativeTarget "FlappyBird" */ = {
			isa = XCConfigurationList;
			buildConfigurations = (
				24F38F1C26273E39005B09BB /* Debug */,
				24F38F1D26273E39005B09BB /* Release */,
			);
			defaultConfigurationIsVisible = 0;
			defaultConfigurationName = Release;
		};
/* End XCConfigurationList section */
	};
	rootObject = 24F38EFF26273E37005B09BB /* Project object */;
}
